<?xml version="1.0" encoding="utf-8"?>
<Project ToolsVersion="4.0" xmlns="http://schemas.microsoft.com/developer/msbuild/2003">
  <ItemGroup>
    <Filter Include="Source Files">
      <UniqueIdentifier>{4FC737F1-C7A5-4376-A066-2A32D752A2FF}</UniqueIdentifier>
      <Extensions>cpp;c;cc;cxx;def;odl;idl;hpj;bat;asm;asmx</Extensions>
    </Filter>
    <Filter Include="Header Files">
      <UniqueIdentifier>{93995380-89BD-4b04-88EB-625FBE52EBFB}</UniqueIdentifier>
      <Extensions>h;hpp;hxx;hm;inl;inc;xsd</Extensions>
    </Filter>
    <Filter Include="Resource Files">
      <UniqueIdentifier>{67DA6AB6-F800-4c08-8B7A-83BB121AAD01}</UniqueIdentifier>
      <Extensions>rc;ico;cur;bmp;dlg;rc2;rct;bin;rgs;gif;jpg;jpeg;jpe;resx;tiff;tif;png;wav;mfcribbon-ms</Extensions>
    </Filter>
  </ItemGroup>
  <ItemGroup>
    <None Include="ReadMe.txt" />
    <None Include="src\Robot.ico">
      <Filter>Resource Files</Filter>
    </None>
    <None Include="src\small.ico">
      <Filter>Resource Files</Filter>
    </None>
  </ItemGroup>
  <ItemGroup>
    <ClCompile Include="src\Robot.c">
      <Filter>Source Files</Filter>
    </ClCompile>
    <ClCompile Include="src\win_Motors.c">
      <Filter>Source Files</Filter>
    </ClCompile>
    <ClCompile Include="src\win_Robot.c">
      <Filter>Source Files</Filter>
    </ClCompile>
    <ClCompile Include="src\win_Accels.c">
      <Filter>Source Files</Filter>
    </ClCompile>
    <ClCompile Include="src\win_TouchSensors.c">
      <Filter>Source Files</Filter>
    </ClCompile>
    <ClCompile Include="src\Free3D.c">
      <Filter>Source Files</Filter>
    </ClCompile>
    <ClCompile Include="src\win_RobotModel.c">
      <Filter>Source Files</Filter>
    </ClCompile>
    <ClCompile Include="src\win_Load_Robot_Log.c">
      <Filter>Source Files</Filter>
    </ClCompile>
    <ClCompile Include="src\win_Cameras.c">
      <Filter>Source Files</Filter>
    </ClCompile>
    <ClCompile Include="src\win_GPS.c">
      <Filter>Source Files</Filter>
    </ClCompile>
    <ClCompile Include="src\win_Load_Script.c">
      <Filter>Source Files</Filter>
    </ClCompile>
    <ClCompile Include="src\win_Power.c">
      <Filter>Source Files</Filter>
    </ClCompile>
    <ClCompile Include="src\win_Tasks.c">
      <Filter>Source Files</Filter>
    </ClCompile>
    <ClCompile Include="src\win_NewEthPCB.c">
      <Filter>Source Files</Filter>
    </ClCompile>
  </ItemGroup>
  <ItemGroup>
    <ResourceCompile Include="src\Robot.rc">
      <Filter>Resource Files</Filter>
    </ResourceCompile>
  </ItemGroup>
  <ItemGroup>
    <ClInclude Include="src\Resource.h">
      <Filter>Header Files</Filter>
    </ClInclude>
    <ClInclude Include="src\Robot.h">
      <Filter>Header Files</Filter>
    </ClInclude>
    <ClInclude Include="src\targetver.h">
      <Filter>Header Files</Filter>
    </ClInclude>
    <ClInclude Include="src\win_Motors.h">
      <Filter>Header Files</Filter>
    </ClInclude>
    <ClInclude Include="src\win_Robot.h">
      <Filter>Header Files</Filter>
    </ClInclude>
    <ClInclude Include="src\win_Accels.h">
      <Filter>Header Files</Filter>
    </ClInclude>
    <ClInclude Include="src\win_TouchSensors.h">
      <Filter>Header Files</Filter>
    </ClInclude>
    <ClInclude Include="src\Free3D.h">
      <Filter>Header Files</Filter>
    </ClInclude>
    <ClInclude Include="src\win_RobotModel.h">
      <Filter>Header Files</Filter>
    </ClInclude>
    <ClInclude Include="src\win_Load_Robot_Log.h">
      <Filter>Header Files</Filter>
    </ClInclude>
    <ClInclude Include="src\win_Cameras.h">
      <Filter>Header Files</Filter>
    </ClInclude>
    <ClInclude Include="src\robot_motor_pic_instructions.h">
      <Filter>Header Files</Filter>
    </ClInclude>
    <ClInclude Include="src\robot_accelmagtouchgps_pic_instructions.h">
      <Filter>Header Files</Filter>
    </ClInclude>
    <ClInclude Include="src\robot_power_pic_instructions.h">
      <Filter>Header Files</Filter>
    </ClInclude>
    <ClInclude Include="src\win_Load_Script.h">
      <Filter>Header Files</Filter>
    </ClInclude>
    <ClInclude Include="src\win_Tasks.h">
      <Filter>Header Files</Filter>
    </ClInclude>
    <ClInclude Include="src\win_Power.h">
      <Filter>Header Files</Filter>
    </ClInclude>
    <ClInclude Include="src\win_GPS.h">
      <Filter>Header Files</Filter>
    </ClInclude>
    <ClInclude Include="src\win_NewEthPCB.h">
      <Filter>Header Files</Filter>
    </ClInclude>
  </ItemGroup>
</Project>